// !$*UTF8*$!
{
	archiveVersion = 1;
	classes = {
	};
	objectVersion = 46;
	objects = {

/* Begin PBXBuildFile section */
		117955181F3AB9D900E5F386 /* AppDelegate.swift in Sources */ = {isa = PBXBuildFile; fileRef = 117955171F3AB9D900E5F386 /* AppDelegate.swift */; };
		1179551A1F3AB9D900E5F386 /* ViewController.swift in Sources */ = {isa = PBXBuildFile; fileRef = 117955191F3AB9D900E5F386 /* ViewController.swift */; };
		1179551D1F3AB9D900E5F386 /* Main.storyboard in Resources */ = {isa = PBXBuildFile; fileRef = 1179551B1F3AB9D900E5F386 /* Main.storyboard */; };
		1179551F1F3AB9D900E5F386 /* Assets.xcassets in Resources */ = {isa = PBXBuildFile; fileRef = 1179551E1F3AB9D900E5F386 /* Assets.xcassets */; };
		117955221F3AB9D900E5F386 /* LaunchScreen.storyboard in Resources */ = {isa = PBXBuildFile; fileRef = 117955201F3AB9D900E5F386 /* LaunchScreen.storyboard */; };
		1179552D1F3AB9D900E5F386 /* TipCalcTests.swift in Sources */ = {isa = PBXBuildFile; fileRef = 1179552C1F3AB9D900E5F386 /* TipCalcTests.swift */; };
		117955381F3AB9DA00E5F386 /* TipCalcUITests.swift in Sources */ = {isa = PBXBuildFile; fileRef = 117955371F3AB9DA00E5F386 /* TipCalcUITests.swift */; };
		117955481F3C046B00E5F386 /* SettingsViewController.swift in Sources */ = {isa = PBXBuildFile; fileRef = 117955471F3C046B00E5F386 /* SettingsViewController.swift */; };
/* End PBXBuildFile section */

/* Begin PBXContainerItemProxy section */
		117955291F3AB9D900E5F386 /* PBXContainerItemProxy */ = {
			isa = PBXContainerItemProxy;
			containerPortal = 1179550C1F3AB9D900E5F386 /* Project object */;
			proxyType = 1;
			remoteGlobalIDString = 117955131F3AB9D900E5F386;
			remoteInfo = TipCalc;
		};
		117955341F3AB9DA00E5F386 /* PBXContainerItemProxy */ = {
			isa = PBXContainerItemProxy;
			containerPortal = 1179550C1F3AB9D900E5F386 /* Project object */;
			proxyType = 1;
			remoteGlobalIDString = 117955131F3AB9D900E5F386;
			remoteInfo = TipCalc;
		};
/* End PBXContainerItemProxy section */

/* Begin PBXFileReference section */
		117955141F3AB9D900E5F386 /* TipCalc.app */ = {isa = PBXFileReference; explicitFileType = wrapper.application; includeInIndex = 0; path = TipCalc.app; sourceTree = BUILT_PRODUCTS_DIR; };
		117955171F3AB9D900E5F386 /* AppDelegate.swift */ = {isa = PBXFileReference; lastKnownFileType = sourcecode.swift; path = AppDelegate.swift; sourceTree = "<group>"; };
		117955191F3AB9D900E5F386 /* ViewController.swift */ = {isa = PBXFileReference; lastKnownFileType = sourcecode.swift; path = ViewController.swift; sourceTree = "<group>"; };
		1179551C1F3AB9D900E5F386 /* Base */ = {isa = PBXFileReference; lastKnownFileType = file.storyboard; name = Base; path = Base.lproj/Main.storyboard; sourceTree = "<group>"; };
		1179551E1F3AB9D900E5F386 /* Assets.xcassets */ = {isa = PBXFileReference; lastKnownFileType = folder.assetcatalog; path = Assets.xcassets; sourceTree = "<group>"; };
		117955211F3AB9D900E5F386 /* Base */ = {isa = PBXFileReference; lastKnownFileType = file.storyboard; name = Base; path = Base.lproj/LaunchScreen.storyboard; sourceTree = "<group>"; };
		117955231F3AB9D900E5F386 /* Info.plist */ = {isa = PBXFileReference; lastKnownFileType = text.plist.xml; path = Info.plist; sourceTree = "<group>"; };
		117955281F3AB9D900E5F386 /* TipCalcTests.xctest */ = {isa = PBXFileReference; explicitFileType = wrapper.cfbundle; includeInIndex = 0; path = TipCalcTests.xctest; sourceTree = BUILT_PRODUCTS_DIR; };
		1179552C1F3AB9D900E5F386 /* TipCalcTests.swift */ = {isa = PBXFileReference; lastKnownFileType = sourcecode.swift; path = TipCalcTests.swift; sourceTree = "<group>"; };
		1179552E1F3AB9D900E5F386 /* Info.plist */ = {isa = PBXFileReference; lastKnownFileType = text.plist.xml; path = Info.plist; sourceTree = "<group>"; };
		117955331F3AB9DA00E5F386 /* TipCalcUITests.xctest */ = {isa = PBXFileReference; explicitFileType = wrapper.cfbundle; includeInIndex = 0; path = TipCalcUITests.xctest; sourceTree = BUILT_PRODUCTS_DIR; };
		117955371F3AB9DA00E5F386 /* TipCalcUITests.swift */ = {isa = PBXFileReference; lastKnownFileType = sourcecode.swift; path = TipCalcUITests.swift; sourceTree = "<group>"; };
		117955391F3AB9DA00E5F386 /* Info.plist */ = {isa = PBXFileReference; lastKnownFileType = text.plist.xml; path = Info.plist; sourceTree = "<group>"; };
		117955471F3C046B00E5F386 /* SettingsViewController.swift */ = {isa = PBXFileReference; fileEncoding = 4; lastKnownFileType = sourcecode.swift; name = SettingsViewController.swift; path = TipCalc/SettingsViewController.swift; sourceTree = "<group>"; };
/* End PBXFileReference section */

/* Begin PBXFrameworksBuildPhase section */
		117955111F3AB9D900E5F386 /* Frameworks */ = {
			isa = PBXFrameworksBuildPhase;
			buildActionMask = 2147483647;
			files = (
			);
			runOnlyForDeploymentPostprocessing = 0;
		};
		117955251F3AB9D900E5F386 /* Frameworks */ = {
			isa = PBXFrameworksBuildPhase;
			buildActionMask = 2147483647;
			files = (
			);
			runOnlyForDeploymentPostprocessing = 0;
		};
		117955301F3AB9DA00E5F386 /* Frameworks */ = {
			isa = PBXFrameworksBuildPhase;
			buildActionMask = 2147483647;
			files = (
			);
			runOnlyForDeploymentPostprocessing = 0;
		};
/* End PBXFrameworksBuildPhase section */

/* Begin PBXGroup section */
		1179550B1F3AB9D900E5F386 = {
			isa = PBXGroup;
			children = (
				117955471F3C046B00E5F386 /* SettingsViewController.swift */,
				117955161F3AB9D900E5F386 /* TipCalc */,
				1179552B1F3AB9D900E5F386 /* TipCalcTests */,
				117955361F3AB9DA00E5F386 /* TipCalcUITests */,
				117955151F3AB9D900E5F386 /* Products */,
			);
			sourceTree = "<group>";
		};
		117955151F3AB9D900E5F386 /* Products */ = {
			isa = PBXGroup;
			children = (
				117955141F3AB9D900E5F386 /* TipCalc.app */,
				117955281F3AB9D900E5F386 /* TipCalcTests.xctest */,
				117955331F3AB9DA00E5F386 /* TipCalcUITests.xctest */,
			);
			name = Products;
			sourceTree = "<group>";
		};
		117955161F3AB9D900E5F386 /* TipCalc */ = {
			isa = PBXGroup;
			children = (
				117955171F3AB9D900E5F386 /* AppDelegate.swift */,
				117955191F3AB9D900E5F386 /* ViewController.swift */,
				1179551B1F3AB9D900E5F386 /* Main.storyboard */,
				1179551E1F3AB9D900E5F386 /* Assets.xcassets */,
				117955201F3AB9D900E5F386 /* LaunchScreen.storyboard */,
				117955231F3AB9D900E5F386 /* Info.plist */,
			);
			path = TipCalc;
			sourceTree = "<group>";
		};
		1179552B1F3AB9D900E5F386 /* TipCalcTests */ = {
			isa = PBXGroup;
			children = (
				1179552C1F3AB9D900E5F386 /* TipCalcTests.swift */,
				1179552E1F3AB9D900E5F386 /* Info.plist */,
			);
			path = TipCalcTests;
			sourceTree = "<group>";
		};
		117955361F3AB9DA00E5F386 /* TipCalcUITests */ = {
			isa = PBXGroup;
			children = (
				117955371F3AB9DA00E5F386 /* TipCalcUITests.swift */,
				117955391F3AB9DA00E5F386 /* Info.plist */,
			);
			path = TipCalcUITests;
			sourceTree = "<group>";
		};
/* End PBXGroup section */

/* Begin PBXNativeTarget section */
		117955131F3AB9D900E5F386 /* TipCalc */ = {
			isa = PBXNativeTarget;
			buildConfigurationList = 1179553C1F3AB9DA00E5F386 /* Build configuration list for PBXNativeTarget "TipCalc" */;
			buildPhases = (
				117955101F3AB9D900E5F386 /* Sources */,
				117955111F3AB9D900E5F386 /* Frameworks */,
				117955121F3AB9D900E5F386 /* Resources */,
			);
			buildRules = (
			);
			dependencies = (
			);
			name = TipCalc;
			productName = TipCalc;
			productReference = 117955141F3AB9D900E5F386 /* TipCalc.app */;
			productType = "com.apple.product-type.application";
		};
		117955271F3AB9D900E5F386 /* TipCalcTests */ = {
			isa = PBXNativeTarget;
			buildConfigurationList = 1179553F1F3AB9DA00E5F386 /* Build configuration list for PBXNativeTarget "TipCalcTests" */;
			buildPhases = (
				117955241F3AB9D900E5F386 /* Sources */,
				117955251F3AB9D900E5F386 /* Frameworks */,
				117955261F3AB9D900E5F386 /* Resources */,
			);
			buildRules = (
			);
			dependencies = (
				1179552A1F3AB9D900E5F386 /* PBXTargetDependency */,
			);
			name = TipCalcTests;
			productName = TipCalcTests;
			productReference = 117955281F3AB9D900E5F386 /* TipCalcTests.xctest */;
			productType = "com.apple.product-type.bundle.unit-test";
		};
		117955321F3AB9DA00E5F386 /* TipCalcUITests */ = {
			isa = PBXNativeTarget;
			buildConfigurationList = 117955421F3AB9DA00E5F386 /* Build configuration list for PBXNativeTarget "TipCalcUITests" */;
			buildPhases = (
				1179552F1F3AB9DA00E5F386 /* Sources */,
				117955301F3AB9DA00E5F386 /* Frameworks */,
				117955311F3AB9DA00E5F386 /* Resources */,
			);
			buildRules = (
			);
			dependencies = (
				117955351F3AB9DA00E5F386 /* PBXTargetDependency */,
			);
			name = TipCalcUITests;
			productName = TipCalcUITests;
			productReference = 117955331F3AB9DA00E5F386 /* TipCalcUITests.xctest */;
			productType = "com.apple.product-type.bundle.ui-testing";
		};
/* End PBXNativeTarget section */

/* Begin PBXProject section */
		1179550C1F3AB9D900E5F386 /* Project object */ = {
			isa = PBXProject;
			attributes = {
				LastSwiftUpdateCheck = 0830;
				LastUpgradeCheck = 0830;
				ORGANIZATIONNAME = "Erin Morrissey";
				TargetAttributes = {
					117955131F3AB9D900E5F386 = {
						CreatedOnToolsVersion = 8.3.3;
						ProvisioningStyle = Automatic;
					};
					117955271F3AB9D900E5F386 = {
						CreatedOnToolsVersion = 8.3.3;
						ProvisioningStyle = Automatic;
						TestTargetID = 117955131F3AB9D900E5F386;
					};
					117955321F3AB9DA00E5F386 = {
						CreatedOnToolsVersion = 8.3.3;
						ProvisioningStyle = Automatic;
						TestTargetID = 117955131F3AB9D900E5F386;
					};
				};
			};
			buildConfigurationList = 1179550F1F3AB9D900E5F386 /* Build configuration list for PBXProject "TipCalc" */;
			compatibilityVersion = "Xcode 3.2";
			developmentRegion = English;
			hasScannedForEncodings = 0;
			knownRegions = (
				en,
				Base,
			);
			mainGroup = 1179550B1F3AB9D900E5F386;
			productRefGroup = 117955151F3AB9D900E5F386 /* Products */;
			projectDirPath = "";
			projectRoot = "";
			targets = (
				117955131F3AB9D900E5F386 /* TipCalc */,
				117955271F3AB9D900E5F386 /* TipCalcTests */,
				117955321F3AB9DA00E5F386 /* TipCalcUITests */,
			);
		};
/* End PBXProject section */

/* Begin PBXResourcesBuildPhase section */
		117955121F3AB9D900E5F386 /* Resources */ = {
			isa = PBXResourcesBuildPhase;
			buildActionMask = 2147483647;
			files = (
				117955221F3AB9D900E5F386 /* LaunchScreen.storyboard in Resources */,
				1179551F1F3AB9D900E5F386 /* Assets.xcassets in Resources */,
				1179551D1F3AB9D900E5F386 /* Main.storyboard in Resources */,
			);
			runOnlyForDeploymentPostprocessing = 0;
		};
		117955261F3AB9D900E5F386 /* Resources */ = {
			isa = PBXResourcesBuildPhase;
			buildActionMask = 2147483647;
			files = (
			);
			runOnlyForDeploymentPostprocessing = 0;
		};
		117955311F3AB9DA00E5F386 /* Resources */ = {
			isa = PBXResourcesBuildPhase;
			buildActionMask = 2147483647;
			files = (
			);
			runOnlyForDeploymentPostprocessing = 0;
		};
/* End PBXResourcesBuildPhase section */

/* Begin PBXSourcesBuildPhase section */
		117955101F3AB9D900E5F386 /* Sources */ = {
			isa = PBXSourcesBuildPhase;
			buildActionMask = 2147483647;
			files = (
				1179551A1F3AB9D900E5F386 /* ViewController.swift in Sources */,
				117955181F3AB9D900E5F386 /* AppDelegate.swift in Sources */,
				117955481F3C046B00E5F386 /* SettingsViewController.swift in Sources */,
			);
			runOnlyForDeploymentPostprocessing = 0;
		};
		117955241F3AB9D900E5F386 /* Sources */ = {
			isa = PBXSourcesBuildPhase;
			buildActionMask = 2147483647;
			files = (
				1179552D1F3AB9D900E5F386 /* TipCalcTests.swift in Sources */,
			);
			runOnlyForDeploymentPostprocessing = 0;
		};
		1179552F1F3AB9DA00E5F386 /* Sources */ = {
			isa = PBXSourcesBuildPhase;
			buildActionMask = 2147483647;
			files = (
				117955381F3AB9DA00E5F386 /* TipCalcUITests.swift in Sources */,
			);
			runOnlyForDeploymentPostprocessing = 0;
		};
/* End PBXSourcesBuildPhase section */

/* Begin PBXTargetDependency section */
		1179552A1F3AB9D900E5F386 /* PBXTargetDependency */ = {
			isa = PBXTargetDependency;
			target = 117955131F3AB9D900E5F386 /* TipCalc */;
			targetProxy = 117955291F3AB9D900E5F386 /* PBXContainerItemProxy */;
		};
		117955351F3AB9DA00E5F386 /* PBXTargetDependency */ = {
			isa = PBXTargetDependency;
			target = 117955131F3AB9D900E5F386 /* TipCalc */;
			targetProxy = 117955341F3AB9DA00E5F386 /* PBXContainerItemProxy */;
		};
/* End PBXTargetDependency section */

/* Begin PBXVariantGroup section */
		1179551B1F3AB9D900E5F386 /* Main.storyboard */ = {
			isa = PBXVariantGroup;
			children = (
				1179551C1F3AB9D900E5F386 /* Base */,
			);
			name = Main.storyboard;
			sourceTree = "<group>";
		};
		117955201F3AB9D900E5F386 /* LaunchScreen.storyboard */ = {
			isa = PBXVariantGroup;
			children = (
				117955211F3AB9D900E5F386 /* Base */,
			);
			name = LaunchScreen.storyboard;
			sourceTree = "<group>";
		};
/* End PBXVariantGroup section */

/* Begin XCBuildConfiguration section */
		1179553A1F3AB9DA00E5F386 /* Debug */ = {
			isa = XCBuildConfiguration;
			buildSettings = {
				ALWAYS_SEARCH_USER_PATHS = NO;
				CLANG_ANALYZER_NONNULL = YES;
				CLANG_ANALYZER_NUMBER_OBJECT_CONVERSION = YES_AGGRESSIVE;
				CLANG_CXX_LANGUAGE_STANDARD = "gnu++0x";
				CLANG_CXX_LIBRARY = "libc++";
				CLANG_ENABLE_MODULES = YES;
				CLANG_ENABLE_OBJC_ARC = YES;
				CLANG_WARN_BOOL_CONVERSION = YES;
				CLANG_WARN_CONSTANT_CONVERSION = YES;
				CLANG_WARN_DIRECT_OBJC_ISA_USAGE = YES_ERROR;
				CLANG_WARN_DOCUMENTATION_COMMENTS = YES;
				CLANG_WARN_EMPTY_BODY = YES;
				CLANG_WARN_ENUM_CONVERSION = YES;
				CLANG_WARN_INFINITE_RECURSION = YES;
				CLANG_WARN_INT_CONVERSION = YES;
				CLANG_WARN_OBJC_ROOT_CLASS = YES_ERROR;
				CLANG_WARN_SUSPICIOUS_MOVE = YES;
				CLANG_WARN_UNREACHABLE_CODE = YES;
				CLANG_WARN__DUPLICATE_METHOD_MATCH = YES;
				"CODE_SIGN_IDENTITY[sdk=iphoneos*]" = "iPhone Developer";
				COPY_PHASE_STRIP = NO;
				DEBUG_INFORMATION_FORMAT = dwarf;
				ENABLE_STRICT_OBJC_MSGSEND = YES;
				ENABLE_TESTABILITY = YES;
				GCC_C_LANGUAGE_STANDARD = gnu99;
				GCC_DYNAMIC_NO_PIC = NO;
				GCC_NO_COMMON_BLOCKS = YES;
				GCC_OPTIMIZATION_LEVEL = 0;
				GCC_PREPROCESSOR_DEFINITIONS = (
					"DEBUG=1",
					"$(inherited)",
				);
				GCC_WARN_64_TO_32_BIT_CONVERSION = YES;
				GCC_WARN_ABOUT_RETURN_TYPE = YES_ERROR;
				GCC_WARN_UNDECLARED_SELECTOR = YES;
				GCC_WARN_UNINITIALIZED_AUTOS = YES_AGGRESSIVE;
				GCC_WARN_UNUSED_FUNCTION = YES;
				GCC_WARN_UNUSED_VARIABLE = YES;
				IPHONEOS_DEPLOYMENT_TARGET = 10.3;
				MTL_ENABLE_DEBUG_INFO = YES;
				ONLY_ACTIVE_ARCH = YES;
				SDKROOT = iphoneos;
				SWIFT_ACTIVE_COMPILATION_CONDITIONS = DEBUG;
				SWIFT_OPTIMIZATION_LEVEL = "-Onone";
			};
			name = Debug;
		};
		1179553B1F3AB9DA00E5F386 /* Release */ = {
			isa = XCBuildConfiguration;
			buildSettings = {
				ALWAYS_SEARCH_USER_PATHS = NO;
				CLANG_ANALYZER_NONNULL = YES;
				CLANG_ANALYZER_NUMBER_OBJECT_CONVERSION = YES_AGGRESSIVE;
				CLANG_CXX_LANGUAGE_STANDARD = "gnu++0x";
				CLANG_CXX_LIBRARY = "libc++";
				CLANG_ENABLE_MODULES = YES;
				CLANG_ENABLE_OBJC_ARC = YES;
				CLANG_WARN_BOOL_CONVERSION = YES;
				CLANG_WARN_CONSTANT_CONVERSION = YES;
				CLANG_WARN_DIRECT_OBJC_ISA_USAGE = YES_ERROR;
				CLANG_WARN_DOCUMENTATION_COMMENTS = YES;
				CLANG_WARN_EMPTY_BODY = YES;
				CLANG_WARN_ENUM_CONVERSION = YES;
				CLANG_WARN_INFINITE_RECURSION = YES;
				CLANG_WARN_INT_CONVERSION = YES;
				CLANG_WARN_OBJC_ROOT_CLASS = YES_ERROR;
				CLANG_WARN_SUSPICIOUS_MOVE = YES;
				CLANG_WARN_UNREACHABLE_CODE = YES;
				CLANG_WARN__DUPLICATE_METHOD_MATCH = YES;
				"CODE_SIGN_IDENTITY[sdk=iphoneos*]" = "iPhone Developer";
				COPY_PHASE_STRIP = NO;
				DEBUG_INFORMATION_FORMAT = "dwarf-with-dsym";
				ENABLE_NS_ASSERTIONS = NO;
				ENABLE_STRICT_OBJC_MSGSEND = YES;
				GCC_C_LANGUAGE_STANDARD = gnu99;
				GCC_NO_COMMON_BLOCKS = YES;
				GCC_WARN_64_TO_32_BIT_CONVERSION = YES;
				GCC_WARN_ABOUT_RETURN_TYPE = YES_ERROR;
				GCC_WARN_UNDECLARED_SELECTOR = YES;
				GCC_WARN_UNINITIALIZED_AUTOS = YES_AGGRESSIVE;
				GCC_WARN_UNUSED_FUNCTION = YES;
				GCC_WARN_UNUSED_VARIABLE = YES;
				IPHONEOS_DEPLOYMENT_TARGET = 10.3;
				MTL_ENABLE_DEBUG_INFO = NO;
				SDKROOT = iphoneos;
				SWIFT_OPTIMIZATION_LEVEL = "-Owholemodule";
				VALIDATE_PRODUCT = YES;
			};
			name = Release;
		};
		1179553D1F3AB9DA00E5F386 /* Debug */ = {
			isa = XCBuildConfiguration;
			buildSettings = {
				ASSETCATALOG_COMPILER_APPICON_NAME = AppIcon;
				INFOPLIST_FILE = TipCalc/Info.plist;
				LD_RUNPATH_SEARCH_PATHS = "$(inherited) @executable_path/Frameworks";
				PRODUCT_BUNDLE_IDENTIFIER = "Erin-Morrissey.TipCalc";
				PRODUCT_NAME = "$(TARGET_NAME)";
				SWIFT_VERSION = 3.0;
			};
			name = Debug;
		};
		1179553E1F3AB9DA00E5F386 /* Release */ = {
			isa = XCBuildConfiguration;
			buildSettings = {
				ASSETCATALOG_COMPILER_APPICON_NAME = AppIcon;
				INFOPLIST_FILE = TipCalc/Info.plist;
				LD_RUNPATH_SEARCH_PATHS = "$(inherited) @executable_path/Frameworks";
				PRODUCT_BUNDLE_IDENTIFIER = "Erin-Morrissey.TipCalc";
				PRODUCT_NAME = "$(TARGET_NAME)";
				SWIFT_VERSION = 3.0;
			};
			name = Release;
		};
		117955401F3AB9DA00E5F386 /* Debug */ = {
			isa = XCBuildConfiguration;
			buildSettings = {
				ALWAYS_EMBED_SWIFT_STANDARD_LIBRARIES = YES;
				BUNDLE_LOADER = "$(TEST_HOST)";
				INFOPLIST_FILE = TipCalcTests/Info.plist;
				LD_RUNPATH_SEARCH_PATHS = "$(inherited) @executable_path/Frameworks @loader_path/Frameworks";
				PRODUCT_BUNDLE_IDENTIFIER = "Erin-Morrissey.TipCalcTests";
				PRODUCT_NAME = "$(TARGET_NAME)";
				SWIFT_VERSION = 3.0;
				TEST_HOST = "$(BUILT_PRODUCTS_DIR)/TipCalc.app/TipCalc";
			};
			name = Debug;
		};
		117955411F3AB9DA00E5F386 /* Release */ = {
			isa = XCBuildConfiguration;
			buildSettings = {
				ALWAYS_EMBED_SWIFT_STANDARD_LIBRARIES = YES;
				BUNDLE_LOADER = "$(TEST_HOST)";
				INFOPLIST_FILE = TipCalcTests/Info.plist;
				LD_RUNPATH_SEARCH_PATHS = "$(inherited) @executable_path/Frameworks @loader_path/Frameworks";
				PRODUCT_BUNDLE_IDENTIFIER = "Erin-Morrissey.TipCalcTests";
				PRODUCT_NAME = "$(TARGET_NAME)";
				SWIFT_VERSION = 3.0;
				TEST_HOST = "$(BUILT_PRODUCTS_DIR)/TipCalc.app/TipCalc";
			};
			name = Release;
		};
		117955431F3AB9DA00E5F386 /* Debug */ = {
			isa = XCBuildConfiguration;
			buildSettings = {
				ALWAYS_EMBED_SWIFT_STANDARD_LIBRARIES = YES;
				INFOPLIST_FILE = TipCalcUITests/Info.plist;
				LD_RUNPATH_SEARCH_PATHS = "$(inherited) @executable_path/Frameworks @loader_path/Frameworks";
				PRODUCT_BUNDLE_IDENTIFIER = "Erin-Morrissey.TipCalcUITests";
				PRODUCT_NAME = "$(TARGET_NAME)";
				SWIFT_VERSION = 3.0;
				TEST_TARGET_NAME = TipCalc;
			};
			name = Debug;
		};
		117955441F3AB9DA00E5F386 /* Release */ = {
			isa = XCBuildConfiguration;
			buildSettings = {
				ALWAYS_EMBED_SWIFT_STANDARD_LIBRARIES = YES;
				INFOPLIST_FILE = TipCalcUITests/Info.plist;
				LD_RUNPATH_SEARCH_PATHS = "$(inherited) @executable_path/Frameworks @loader_path/Frameworks";
				PRODUCT_BUNDLE_IDENTIFIER = "Erin-Morrissey.TipCalcUITests";
				PRODUCT_NAME = "$(TARGET_NAME)";
				SWIFT_VERSION = 3.0;
				TEST_TARGET_NAME = TipCalc;
			};
			name = Release;
		};
/* End XCBuildConfiguration section */

/* Begin XCConfigurationList section */
		1179550F1F3AB9D900E5F386 /* Build configuration list for PBXProject "TipCalc" */ = {
			isa = XCConfigurationList;
			buildConfigurations = (
				1179553A1F3AB9DA00E5F386 /* Debug */,
				1179553B1F3AB9DA00E5F386 /* Release */,
			);
			defaultConfigurationIsVisible = 0;
			defaultConfigurationName = Release;
		};
		1179553C1F3AB9DA00E5F386 /* Build configuration list for PBXNativeTarget "TipCalc" */ = {
			isa = XCConfigurationList;
			buildConfigurations = (
				1179553D1F3AB9DA00E5F386 /* Debug */,
				1179553E1F3AB9DA00E5F386 /* Release */,
			);
			defaultConfigurationIsVisible = 0;
			defaultConfigurationName = Release;
		};
		1179553F1F3AB9DA00E5F386 /* Build configuration list for PBXNativeTarget "TipCalcTests" */ = {
			isa = XCConfigurationList;
			buildConfigurations = (
				117955401F3AB9DA00E5F386 /* Debug */,
				117955411F3AB9DA00E5F386 /* Release */,
			);
			defaultConfigurationIsVisible = 0;
			defaultConfigurationName = Release;
		};
		117955421F3AB9DA00E5F386 /* Build configuration list for PBXNativeTarget "TipCalcUITests" */ = {
			isa = XCConfigurationList;
			buildConfigurations = (
				117955431F3AB9DA00E5F386 /* Debug */,
				117955441F3AB9DA00E5F386 /* Release */,
			);
			defaultConfigurationIsVisible = 0;
			defaultConfigurationName = Release;
		};
/* End XCConfigurationList section */
	};
	rootObject = 1179550C1F3AB9D900E5F386 /* Project object */;
}
